# This file is autogenerated, do not edit; changes may be undone by the next 'dep ensure'.


[[projects]]
  name = "github.com/dgrijalva/jwt-go"
  packages = ["."]
  revision = "06ea1031745cb8b3dab3f6a236daf2b0aa468b7e"
  version = "v3.2.0"

[[projects]]
  name = "github.com/go-chi/chi"
  packages = ["."]
  revision = "e83ac2304db3c50cf03d96a2fcd39009d458bc35"
  version = "v3.3.2"

[[projects]]
  name = "github.com/go-chi/jwtauth"
  packages = ["."]
  revision = "53a0a4877a0ead48e149be6b4ec9dd1b3c075eba"
  version = "v3.3.0"

[solve-meta]
  analyzer-name = "dep"
  analyzer-version = 1
  inputs-digest = "2897838eae815b2fd55da1edd53cf38e1013abf76e7a8ee2ae1ee23fd2e4c576"
  solver-name = "gps-cdcl"
  solver-version = 1
